
Microsoft Visual Studio Solution File, Format Version 12.00
# Visual Studio 2012
Project("{FAE04EC0-301F-11D3-BF4B-00C04F79EFBC}") = "AgileR.Web", "AgileR.Web\AgileR.Web.csproj", "{6515802D-ADA7-4EA6-8E7E-988A360EECBA}"
EndProject
Project("{FAE04EC0-301F-11D3-BF4B-00C04F79EFBC}") = "AgileR.Core", "AgileR.Core\AgileR.Core.csproj", "{676F804F-6FF5-4A7D-9FD5-8B6CF2815FB1}"
EndProject
Project("{2150E333-8FDC-42A3-9474-1A3956D46DE8}") = "Secret Demo Code", "Secret Demo Code", "{F3AD21B9-A0E7-4D3D-AAA5-5523679873D6}"
EndProject
Project("{FAE04EC0-301F-11D3-BF4B-00C04F79EFBC}") = "AgileR.ExcelApp", "AgileR.ExcelApp\AgileR.ExcelApp.csproj", "{F46CE4CB-394A-4007-B81A-1F1992695650}"
EndProject
Global
	GlobalSection(SolutionConfigurationPlatforms) = preSolution
		Debug|Any CPU = Debug|Any CPU
		Release|Any CPU = Release|Any CPU
	EndGlobalSection
	GlobalSection(ProjectConfigurationPlatforms) = postSolution
		{6515802D-ADA7-4EA6-8E7E-988A360EECBA}.Debug|Any CPU.ActiveCfg = Debug|Any CPU
		{6515802D-ADA7-4EA6-8E7E-988A360EECBA}.Debug|Any CPU.Build.0 = Debug|Any CPU
		{6515802D-ADA7-4EA6-8E7E-988A360EECBA}.Release|Any CPU.ActiveCfg = Release|Any CPU
		{6515802D-ADA7-4EA6-8E7E-988A360EECBA}.Release|Any CPU.Build.0 = Release|Any CPU
		{676F804F-6FF5-4A7D-9FD5-8B6CF2815FB1}.Debug|Any CPU.ActiveCfg = Debug|Any CPU
		{676F804F-6FF5-4A7D-9FD5-8B6CF2815FB1}.Debug|Any CPU.Build.0 = Debug|Any CPU
		{676F804F-6FF5-4A7D-9FD5-8B6CF2815FB1}.Release|Any CPU.ActiveCfg = Release|Any CPU
		{676F804F-6FF5-4A7D-9FD5-8B6CF2815FB1}.Release|Any CPU.Build.0 = Release|Any CPU
		{F46CE4CB-394A-4007-B81A-1F1992695650}.Debug|Any CPU.ActiveCfg = Debug|Any CPU
		{F46CE4CB-394A-4007-B81A-1F1992695650}.Debug|Any CPU.Build.0 = Debug|Any CPU
		{F46CE4CB-394A-4007-B81A-1F1992695650}.Release|Any CPU.ActiveCfg = Release|Any CPU
		{F46CE4CB-394A-4007-B81A-1F1992695650}.Release|Any CPU.Build.0 = Release|Any CPU
	EndGlobalSection
	GlobalSection(SolutionProperties) = preSolution
		HideSolutionNode = FALSE
	EndGlobalSection
	GlobalSection(NestedProjects) = preSolution
		{F46CE4CB-394A-4007-B81A-1F1992695650} = {F3AD21B9-A0E7-4D3D-AAA5-5523679873D6}
	EndGlobalSection
EndGlobal
